
Microsoft Visual Studio Solution File, Format Version 12.00
# Visual Studio 15
VisualStudioVersion = 15.0.27703.2042
MinimumVisualStudioVersion = 10.0.40219.1
Project("{FAE04EC0-301F-11D3-BF4B-00C04F79EFBC}") = "GitFirstShow", "GitFirstShow\GitFirstShow.csproj", "{230CA54C-C2E5-4887-BFAE-F59DC80F8231}"
EndProject
Global
	GlobalSection(SolutionConfigurationPlatforms) = preSolution
		Debug|Any CPU = Debug|Any CPU
		Release|Any CPU = Release|Any CPU
	EndGlobalSection
	GlobalSection(ProjectConfigurationPlatforms) = postSolution
		{230CA54C-C2E5-4887-BFAE-F59DC80F8231}.Debug|Any CPU.ActiveCfg = Debug|Any CPU
		{230CA54C-C2E5-4887-BFAE-F59DC80F8231}.Debug|Any CPU.Build.0 = Debug|Any CPU
		{230CA54C-C2E5-4887-BFAE-F59DC80F8231}.Release|Any CPU.ActiveCfg = Release|Any CPU
		{230CA54C-C2E5-4887-BFAE-F59DC80F8231}.Release|Any CPU.Build.0 = Release|Any CPU
	EndGlobalSection
	GlobalSection(SolutionProperties) = preSolution
		HideSolutionNode = FALSE
	EndGlobalSection
	GlobalSection(ExtensibilityGlobals) = postSolution
		SolutionGuid = {53FDF61A-CD59-49C0-9F33-1029E4F13C8F}
	EndGlobalSection
EndGlobal
